
Microsoft Visual Studio Solution File, Format Version 12.00
# Visual Studio Version 17
VisualStudioVersion = 17.7.34031.279
MinimumVisualStudioVersion = 10.0.40219.1
Project("{FAE04EC0-301F-11D3-BF4B-00C04F79EFBC}") = "C#2", "C#2\C#2.csproj", "{B3639105-73AC-49A8-A88C-689924CCAA20}"
EndProject
Global
	GlobalSection(SolutionConfigurationPlatforms) = preSolution
		Debug|Any CPU = Debug|Any CPU
		Release|Any CPU = Release|Any CPU
	EndGlobalSection
	GlobalSection(ProjectConfigurationPlatforms) = postSolution
		{B3639105-73AC-49A8-A88C-689924CCAA20}.Debug|Any CPU.ActiveCfg = Debug|Any CPU
		{B3639105-73AC-49A8-A88C-689924CCAA20}.Debug|Any CPU.Build.0 = Debug|Any CPU
		{B3639105-73AC-49A8-A88C-689924CCAA20}.Release|Any CPU.ActiveCfg = Release|Any CPU
		{B3639105-73AC-49A8-A88C-689924CCAA20}.Release|Any CPU.Build.0 = Release|Any CPU
	EndGlobalSection
	GlobalSection(SolutionProperties) = preSolution
		HideSolutionNode = FALSE
	EndGlobalSection
	GlobalSection(ExtensibilityGlobals) = postSolution
		SolutionGuid = {E051B887-A246-4DAE-8831-E61AD9D55557}
	EndGlobalSection
EndGlobal
